// !$*UTF8*$!
{
	archiveVersion = 1;
	classes = {
	};
	objectVersion = 77;
	objects = {

/* Begin PBXBuildFile section */
		0E759A22526DE0A25C78AC0B /* ParkingSpotGroupingService.swift in Sources */ = {isa = PBXBuildFile; fileRef = 940230883E082266A8FBB3B3 /* ParkingSpotGroupingService.swift */; };
		127DB3955CCE0F67FA6F291D /* ActiveSessionCardView.swift in Sources */ = {isa = PBXBuildFile; fileRef = 01C4180BEA367E273C8F8FAF /* ActiveSessionCardView.swift */; };
		1AF5E2C3022E8F92B824DC1D /* ParkingReminderLiveActivityWidget.swift in Sources */ = {isa = PBXBuildFile; fileRef = 995AC8FCDFDF11E4A6365001 /* ParkingReminderLiveActivityWidget.swift */; };
		1D57BA94DF20B69265FB0EFA /* ParkingSpotDetailSheetView.swift in Sources */ = {isa = PBXBuildFile; fileRef = 8C6EA3A4B1D9E64CFBBFEFBE /* ParkingSpotDetailSheetView.swift */; };
		29E0BF285948785ECC4F29A9 /* Phase1ModelAndLogicTests.swift in Sources */ = {isa = PBXBuildFile; fileRef = 54228D84907429B82BBB3E42 /* Phase1ModelAndLogicTests.swift */; };
		2BC0D8BC5B8970B1BB108CF0 /* DurationPickerView.swift in Sources */ = {isa = PBXBuildFile; fileRef = 29B7FA752FA93852F908E067 /* DurationPickerView.swift */; };
		347E0E78AE25C48C3513E5C6 /* HistoryView.swift in Sources */ = {isa = PBXBuildFile; fileRef = BF261C3598301BB3BB520C12 /* HistoryView.swift */; };
		3E2161FAE429AC39792459FA /* ParkingSpotGroup.swift in Sources */ = {isa = PBXBuildFile; fileRef = C920333D2E5523F62A2DED7F /* ParkingSpotGroup.swift */; };
		3FD1BF5D6FC2EDDD15122DED /* MapHandoffService.swift in Sources */ = {isa = PBXBuildFile; fileRef = 9DB77E9E8F5CC526F19FABEB /* MapHandoffService.swift */; };
		47F61BB641C75452FB2485E7 /* ParkingNotificationService.swift in Sources */ = {isa = PBXBuildFile; fileRef = 7A165AA9451C06C5C0FB1400 /* ParkingNotificationService.swift */; };
		6E7A08102E738CB42BEF951C /* SmartParkingReminderApp.swift in Sources */ = {isa = PBXBuildFile; fileRef = 6A35237AB3661CD7F187ED12 /* SmartParkingReminderApp.swift */; };
		6F6B22F99148906AD7B1C692 /* ContentView.swift in Sources */ = {isa = PBXBuildFile; fileRef = 43013DEE78CD18D248ECCCAF /* ContentView.swift */; };
		712D965FF7A58F662ACA0A67 /* ParkingSessionDraft.swift in Sources */ = {isa = PBXBuildFile; fileRef = 79682C0D132F978740019F57 /* ParkingSessionDraft.swift */; };
		7BDD1FF35DF2D6523761ED7D /* HomeView.swift in Sources */ = {isa = PBXBuildFile; fileRef = 8A10AB0B357CB8CE1B55F523 /* HomeView.swift */; };
		87B193D01F001F216B87A65A /* SmartParkingReminderWidgetExtension.appex in Embed Foundation Extensions */ = {isa = PBXBuildFile; fileRef = E9BB297F8FA5DF482D41CB48 /* SmartParkingReminderWidgetExtension.appex */; settings = {ATTRIBUTES = (RemoveHeadersOnCopy, ); }; };
		883E7177D6057421040F6D13 /* ActivityKitParkingActivityLifecycleManager.swift in Sources */ = {isa = PBXBuildFile; fileRef = 01B1AB01C28C27ABE37DA113 /* ActivityKitParkingActivityLifecycleManager.swift */; };
		8FC9622D6E966E08509E195D /* ActiveSessionMapView.swift in Sources */ = {isa = PBXBuildFile; fileRef = B79B2D22FBD40970EFF7A01A /* ActiveSessionMapView.swift */; };
		9C9747D71119894D7FEFB86E /* HistoryMapView.swift in Sources */ = {isa = PBXBuildFile; fileRef = 914E9CE2990C64E62A99D664 /* HistoryMapView.swift */; };
		9DC137AA429515C595A8537F /* ParkingSessionStorageService.swift in Sources */ = {isa = PBXBuildFile; fileRef = C77BAB12566E296743DD5FF2 /* ParkingSessionStorageService.swift */; };
		A3A399F928F4212FAF9D8387 /* ParkingReminderActivityAttributes.swift in Sources */ = {isa = PBXBuildFile; fileRef = 28A9BBF3A744393B322FEEA4 /* ParkingReminderActivityAttributes.swift */; };
		A6933742A234566A9B2DCBC9 /* LocationService.swift in Sources */ = {isa = PBXBuildFile; fileRef = DF398A68A311E748B6667ED1 /* LocationService.swift */; };
		C0934B8F9AE66E97C7F9489F /* ParkingSessionStore.swift in Sources */ = {isa = PBXBuildFile; fileRef = 385C47AF33327B7DD3498C8B /* ParkingSessionStore.swift */; };
		CC7876470D569BD35F24E452 /* ParkingReminderActivityAttributes.swift in Sources */ = {isa = PBXBuildFile; fileRef = 28A9BBF3A744393B322FEEA4 /* ParkingReminderActivityAttributes.swift */; };
		D109157A1ADF0F28C45291CC /* NewSessionView.swift in Sources */ = {isa = PBXBuildFile; fileRef = 3F96EF9A6188C93456D63674 /* NewSessionView.swift */; };
		D7B6F8560D4BE7E6693B4CCD /* ParkingSession.swift in Sources */ = {isa = PBXBuildFile; fileRef = 65B3885C12FF82BC28EFC957 /* ParkingSession.swift */; };
		DA1F996ABB70B97EA65BDDA8 /* Phase1UITests.swift in Sources */ = {isa = PBXBuildFile; fileRef = 1D82DCF8052A17ADDD173396 /* Phase1UITests.swift */; };
		DCCEBBD53D92A03972E59E4A /* Phase1NotificationAndHandoffTests.swift in Sources */ = {isa = PBXBuildFile; fileRef = 0F4D67E43163E420E86BDD53 /* Phase1NotificationAndHandoffTests.swift */; };
		E8FEACE1C11543B93939BC22 /* Phase1StorageAndStoreTests.swift in Sources */ = {isa = PBXBuildFile; fileRef = 948FCDEB72C4DEF56336196F /* Phase1StorageAndStoreTests.swift */; };
		F9577204DB0ADF0E14DE6DE5 /* HistoryMapViewModel.swift in Sources */ = {isa = PBXBuildFile; fileRef = B44D0B712AC48EC64520F28F /* HistoryMapViewModel.swift */; };
		F9C29373B4AF1C72BAD5F916 /* AccessibilityIDs.swift in Sources */ = {isa = PBXBuildFile; fileRef = 5FA9A44E99C62DDD54A85F82 /* AccessibilityIDs.swift */; };
/* End PBXBuildFile section */

/* Begin PBXContainerItemProxy section */
		1F6AA323EB14370BC82D33AB /* PBXContainerItemProxy */ = {
			isa = PBXContainerItemProxy;
			containerPortal = B44DDAA5B0F5E16702209FFF /* Project object */;
			proxyType = 1;
			remoteGlobalIDString = 2CED33F66F649BAC6C5A19D2;
			remoteInfo = SmartParkingReminder;
		};
		82964FA24A880A2CA0870A79 /* PBXContainerItemProxy */ = {
			isa = PBXContainerItemProxy;
			containerPortal = B44DDAA5B0F5E16702209FFF /* Project object */;
			proxyType = 1;
			remoteGlobalIDString = 0B8C56CAA11E65B79BBDD716;
			remoteInfo = SmartParkingReminderWidgetExtension;
		};
		8308402519BB65D0AA048018 /* PBXContainerItemProxy */ = {
			isa = PBXContainerItemProxy;
			containerPortal = B44DDAA5B0F5E16702209FFF /* Project object */;
			proxyType = 1;
			remoteGlobalIDString = 2CED33F66F649BAC6C5A19D2;
			remoteInfo = SmartParkingReminder;
		};
/* End PBXContainerItemProxy section */

/* Begin PBXCopyFilesBuildPhase section */
		80BEC43CAC9E5826630CF83D /* Embed Foundation Extensions */ = {
			isa = PBXCopyFilesBuildPhase;
			buildActionMask = 2147483647;
			dstPath = "";
			dstSubfolderSpec = 13;
			files = (
				87B193D01F001F216B87A65A /* SmartParkingReminderWidgetExtension.appex in Embed Foundation Extensions */,
			);
			name = "Embed Foundation Extensions";
			runOnlyForDeploymentPostprocessing = 0;
		};
/* End PBXCopyFilesBuildPhase section */

/* Begin PBXFileReference section */
		01B1AB01C28C27ABE37DA113 /* ActivityKitParkingActivityLifecycleManager.swift */ = {isa = PBXFileReference; lastKnownFileType = sourcecode.swift; path = ActivityKitParkingActivityLifecycleManager.swift; sourceTree = "<group>"; };
		01C4180BEA367E273C8F8FAF /* ActiveSessionCardView.swift */ = {isa = PBXFileReference; lastKnownFileType = sourcecode.swift; path = ActiveSessionCardView.swift; sourceTree = "<group>"; };
		0DFE56C6416E8789905141F3 /* Info.plist */ = {isa = PBXFileReference; lastKnownFileType = text.plist; path = Info.plist; sourceTree = "<group>"; };
		0F4D67E43163E420E86BDD53 /* Phase1NotificationAndHandoffTests.swift */ = {isa = PBXFileReference; lastKnownFileType = sourcecode.swift; path = Phase1NotificationAndHandoffTests.swift; sourceTree = "<group>"; };
		152088E3D7E60C00DE411E81 /* SmartParkingReminderTests.xctest */ = {isa = PBXFileReference; includeInIndex = 0; lastKnownFileType = wrapper.cfbundle; path = SmartParkingReminderTests.xctest; sourceTree = BUILT_PRODUCTS_DIR; };
		1A1A453C60493516D5CADB94 /* SmartParkingReminder.app */ = {isa = PBXFileReference; includeInIndex = 0; lastKnownFileType = wrapper.application; path = SmartParkingReminder.app; sourceTree = BUILT_PRODUCTS_DIR; };
		1D82DCF8052A17ADDD173396 /* Phase1UITests.swift */ = {isa = PBXFileReference; lastKnownFileType = sourcecode.swift; path = Phase1UITests.swift; sourceTree = "<group>"; };
		28A9BBF3A744393B322FEEA4 /* ParkingReminderActivityAttributes.swift */ = {isa = PBXFileReference; lastKnownFileType = sourcecode.swift; path = ParkingReminderActivityAttributes.swift; sourceTree = "<group>"; };
		29B7FA752FA93852F908E067 /* DurationPickerView.swift */ = {isa = PBXFileReference; lastKnownFileType = sourcecode.swift; path = DurationPickerView.swift; sourceTree = "<group>"; };
		385C47AF33327B7DD3498C8B /* ParkingSessionStore.swift */ = {isa = PBXFileReference; lastKnownFileType = sourcecode.swift; path = ParkingSessionStore.swift; sourceTree = "<group>"; };
		3F96EF9A6188C93456D63674 /* NewSessionView.swift */ = {isa = PBXFileReference; lastKnownFileType = sourcecode.swift; path = NewSessionView.swift; sourceTree = "<group>"; };
		43013DEE78CD18D248ECCCAF /* ContentView.swift */ = {isa = PBXFileReference; lastKnownFileType = sourcecode.swift; path = ContentView.swift; sourceTree = "<group>"; };
		54228D84907429B82BBB3E42 /* Phase1ModelAndLogicTests.swift */ = {isa = PBXFileReference; lastKnownFileType = sourcecode.swift; path = Phase1ModelAndLogicTests.swift; sourceTree = "<group>"; };
		5FA9A44E99C62DDD54A85F82 /* AccessibilityIDs.swift */ = {isa = PBXFileReference; lastKnownFileType = sourcecode.swift; path = AccessibilityIDs.swift; sourceTree = "<group>"; };
		65B3885C12FF82BC28EFC957 /* ParkingSession.swift */ = {isa = PBXFileReference; lastKnownFileType = sourcecode.swift; path = ParkingSession.swift; sourceTree = "<group>"; };
		6A35237AB3661CD7F187ED12 /* SmartParkingReminderApp.swift */ = {isa = PBXFileReference; lastKnownFileType = sourcecode.swift; path = SmartParkingReminderApp.swift; sourceTree = "<group>"; };
		6D2D9DEEF8C9405B7C263692 /* SmartParkingReminderUITests.xctest */ = {isa = PBXFileReference; includeInIndex = 0; lastKnownFileType = wrapper.cfbundle; path = SmartParkingReminderUITests.xctest; sourceTree = BUILT_PRODUCTS_DIR; };
		79682C0D132F978740019F57 /* ParkingSessionDraft.swift */ = {isa = PBXFileReference; lastKnownFileType = sourcecode.swift; path = ParkingSessionDraft.swift; sourceTree = "<group>"; };
		7A165AA9451C06C5C0FB1400 /* ParkingNotificationService.swift */ = {isa = PBXFileReference; lastKnownFileType = sourcecode.swift; path = ParkingNotificationService.swift; sourceTree = "<group>"; };
		8A10AB0B357CB8CE1B55F523 /* HomeView.swift */ = {isa = PBXFileReference; lastKnownFileType = sourcecode.swift; path = HomeView.swift; sourceTree = "<group>"; };
		8C6EA3A4B1D9E64CFBBFEFBE /* ParkingSpotDetailSheetView.swift */ = {isa = PBXFileReference; lastKnownFileType = sourcecode.swift; path = ParkingSpotDetailSheetView.swift; sourceTree = "<group>"; };
		914E9CE2990C64E62A99D664 /* HistoryMapView.swift */ = {isa = PBXFileReference; lastKnownFileType = sourcecode.swift; path = HistoryMapView.swift; sourceTree = "<group>"; };
		940230883E082266A8FBB3B3 /* ParkingSpotGroupingService.swift */ = {isa = PBXFileReference; lastKnownFileType = sourcecode.swift; path = ParkingSpotGroupingService.swift; sourceTree = "<group>"; };
		948FCDEB72C4DEF56336196F /* Phase1StorageAndStoreTests.swift */ = {isa = PBXFileReference; lastKnownFileType = sourcecode.swift; path = Phase1StorageAndStoreTests.swift; sourceTree = "<group>"; };
		995AC8FCDFDF11E4A6365001 /* ParkingReminderLiveActivityWidget.swift */ = {isa = PBXFileReference; lastKnownFileType = sourcecode.swift; path = ParkingReminderLiveActivityWidget.swift; sourceTree = "<group>"; };
		9DB77E9E8F5CC526F19FABEB /* MapHandoffService.swift */ = {isa = PBXFileReference; lastKnownFileType = sourcecode.swift; path = MapHandoffService.swift; sourceTree = "<group>"; };
		B44D0B712AC48EC64520F28F /* HistoryMapViewModel.swift */ = {isa = PBXFileReference; lastKnownFileType = sourcecode.swift; path = HistoryMapViewModel.swift; sourceTree = "<group>"; };
		B79B2D22FBD40970EFF7A01A /* ActiveSessionMapView.swift */ = {isa = PBXFileReference; lastKnownFileType = sourcecode.swift; path = ActiveSessionMapView.swift; sourceTree = "<group>"; };
		BF261C3598301BB3BB520C12 /* HistoryView.swift */ = {isa = PBXFileReference; lastKnownFileType = sourcecode.swift; path = HistoryView.swift; sourceTree = "<group>"; };
		C77BAB12566E296743DD5FF2 /* ParkingSessionStorageService.swift */ = {isa = PBXFileReference; lastKnownFileType = sourcecode.swift; path = ParkingSessionStorageService.swift; sourceTree = "<group>"; };
		C920333D2E5523F62A2DED7F /* ParkingSpotGroup.swift */ = {isa = PBXFileReference; lastKnownFileType = sourcecode.swift; path = ParkingSpotGroup.swift; sourceTree = "<group>"; };
		DF398A68A311E748B6667ED1 /* LocationService.swift */ = {isa = PBXFileReference; lastKnownFileType = sourcecode.swift; path = LocationService.swift; sourceTree = "<group>"; };
		E9BB297F8FA5DF482D41CB48 /* SmartParkingReminderWidgetExtension.appex */ = {isa = PBXFileReference; includeInIndex = 0; lastKnownFileType = "wrapper.app-extension"; path = SmartParkingReminderWidgetExtension.appex; sourceTree = BUILT_PRODUCTS_DIR; };
/* End PBXFileReference section */

/* Begin PBXGroup section */
		058FBD03AFA18B2FADC3BF2E /* SmartParkingReminderWidgetExtension */ = {
			isa = PBXGroup;
			children = (
				0DFE56C6416E8789905141F3 /* Info.plist */,
				995AC8FCDFDF11E4A6365001 /* ParkingReminderLiveActivityWidget.swift */,
			);
			path = SmartParkingReminderWidgetExtension;
			sourceTree = "<group>";
		};
		0F655BD88BFF2390DF49ACC4 /* Home */ = {
			isa = PBXGroup;
			children = (
				01C4180BEA367E273C8F8FAF /* ActiveSessionCardView.swift */,
				8A10AB0B357CB8CE1B55F523 /* HomeView.swift */,
			);
			path = Home;
			sourceTree = "<group>";
		};
		14CB801E179C00632C2708B4 /* Services */ = {
			isa = PBXGroup;
			children = (
				CA299572A43C968499A10D50 /* Location */,
				EEE93F0104859E44A1388ED3 /* Maps */,
				374ACF695E389FEB70714A54 /* Notifications */,
				CE238FCB8D5B3D127D9FBE7C /* Storage */,
			);
			path = Services;
			sourceTree = "<group>";
		};
		18ABFE3E1FED8EE349D03FCF /* SmartParkingReminderUITests */ = {
			isa = PBXGroup;
			children = (
				1D82DCF8052A17ADDD173396 /* Phase1UITests.swift */,
			);
			path = SmartParkingReminderUITests;
			sourceTree = "<group>";
		};
		30FB06DA73E88A4D9AE8966E = {
			isa = PBXGroup;
			children = (
				B9F67FF0CB8152D8911AFFF8 /* SmartParkingReminder */,
				CF9F95B1846C94C3E91297B3 /* SmartParkingReminderTests */,
				18ABFE3E1FED8EE349D03FCF /* SmartParkingReminderUITests */,
				058FBD03AFA18B2FADC3BF2E /* SmartParkingReminderWidgetExtension */,
				9233C3DE9342D0662CC2AF94 /* Products */,
			);
			sourceTree = "<group>";
		};
		374ACF695E389FEB70714A54 /* Notifications */ = {
			isa = PBXGroup;
			children = (
				7A165AA9451C06C5C0FB1400 /* ParkingNotificationService.swift */,
			);
			path = Notifications;
			sourceTree = "<group>";
		};
		3AEBB63FE157F192957B84EC /* Views */ = {
			isa = PBXGroup;
			children = (
				F0F5C6C8A86628E55D65DD85 /* History */,
				0F655BD88BFF2390DF49ACC4 /* Home */,
				8E27D2004E15D8957FACC957 /* Map */,
				75C886108BFC197989CECF18 /* NewSession */,
				7FF708B9E5FF5060F82E6687 /* Shared */,
			);
			path = Views;
			sourceTree = "<group>";
		};
		51B4695771A34E2CE525B0CB /* Models */ = {
			isa = PBXGroup;
			children = (
				65B3885C12FF82BC28EFC957 /* ParkingSession.swift */,
				79682C0D132F978740019F57 /* ParkingSessionDraft.swift */,
				C920333D2E5523F62A2DED7F /* ParkingSpotGroup.swift */,
			);
			path = Models;
			sourceTree = "<group>";
		};
		70A9EAA595887E6DE0A82E48 /* App */ = {
			isa = PBXGroup;
			children = (
				5FA9A44E99C62DDD54A85F82 /* AccessibilityIDs.swift */,
				6A35237AB3661CD7F187ED12 /* SmartParkingReminderApp.swift */,
			);
			path = App;
			sourceTree = "<group>";
		};
		75C886108BFC197989CECF18 /* NewSession */ = {
			isa = PBXGroup;
			children = (
				29B7FA752FA93852F908E067 /* DurationPickerView.swift */,
				3F96EF9A6188C93456D63674 /* NewSessionView.swift */,
			);
			path = NewSession;
			sourceTree = "<group>";
		};
		7FF708B9E5FF5060F82E6687 /* Shared */ = {
			isa = PBXGroup;
			children = (
				43013DEE78CD18D248ECCCAF /* ContentView.swift */,
			);
			path = Shared;
			sourceTree = "<group>";
		};
		8E27D2004E15D8957FACC957 /* Map */ = {
			isa = PBXGroup;
			children = (
				B79B2D22FBD40970EFF7A01A /* ActiveSessionMapView.swift */,
				914E9CE2990C64E62A99D664 /* HistoryMapView.swift */,
				8C6EA3A4B1D9E64CFBBFEFBE /* ParkingSpotDetailSheetView.swift */,
			);
			path = Map;
			sourceTree = "<group>";
		};
		8E404311BB8AB599A1F5F973 /* Stores */ = {
			isa = PBXGroup;
			children = (
				385C47AF33327B7DD3498C8B /* ParkingSessionStore.swift */,
			);
			path = Stores;
			sourceTree = "<group>";
		};
		9233C3DE9342D0662CC2AF94 /* Products */ = {
			isa = PBXGroup;
			children = (
				1A1A453C60493516D5CADB94 /* SmartParkingReminder.app */,
				152088E3D7E60C00DE411E81 /* SmartParkingReminderTests.xctest */,
				6D2D9DEEF8C9405B7C263692 /* SmartParkingReminderUITests.xctest */,
				E9BB297F8FA5DF482D41CB48 /* SmartParkingReminderWidgetExtension.appex */,
			);
			name = Products;
			sourceTree = "<group>";
		};
		97D71283217E3EFBE460C427 /* ViewModels */ = {
			isa = PBXGroup;
			children = (
				B44D0B712AC48EC64520F28F /* HistoryMapViewModel.swift */,
			);
			path = ViewModels;
			sourceTree = "<group>";
		};
		B9F67FF0CB8152D8911AFFF8 /* SmartParkingReminder */ = {
			isa = PBXGroup;
			children = (
				F4CBA2A9E1E8057E5BE3DAD9 /* Activity */,
				70A9EAA595887E6DE0A82E48 /* App */,
				51B4695771A34E2CE525B0CB /* Models */,
				14CB801E179C00632C2708B4 /* Services */,
				8E404311BB8AB599A1F5F973 /* Stores */,
				97D71283217E3EFBE460C427 /* ViewModels */,
				3AEBB63FE157F192957B84EC /* Views */,
			);
			path = SmartParkingReminder;
			sourceTree = "<group>";
		};
		CA299572A43C968499A10D50 /* Location */ = {
			isa = PBXGroup;
			children = (
				DF398A68A311E748B6667ED1 /* LocationService.swift */,
			);
			path = Location;
			sourceTree = "<group>";
		};
		CE238FCB8D5B3D127D9FBE7C /* Storage */ = {
			isa = PBXGroup;
			children = (
				C77BAB12566E296743DD5FF2 /* ParkingSessionStorageService.swift */,
			);
			path = Storage;
			sourceTree = "<group>";
		};
		CF9F95B1846C94C3E91297B3 /* SmartParkingReminderTests */ = {
			isa = PBXGroup;
			children = (
				54228D84907429B82BBB3E42 /* Phase1ModelAndLogicTests.swift */,
				0F4D67E43163E420E86BDD53 /* Phase1NotificationAndHandoffTests.swift */,
				948FCDEB72C4DEF56336196F /* Phase1StorageAndStoreTests.swift */,
			);
			path = SmartParkingReminderTests;
			sourceTree = "<group>";
		};
		EEE93F0104859E44A1388ED3 /* Maps */ = {
			isa = PBXGroup;
			children = (
				9DB77E9E8F5CC526F19FABEB /* MapHandoffService.swift */,
				940230883E082266A8FBB3B3 /* ParkingSpotGroupingService.swift */,
			);
			path = Maps;
			sourceTree = "<group>";
		};
		F0F5C6C8A86628E55D65DD85 /* History */ = {
			isa = PBXGroup;
			children = (
				BF261C3598301BB3BB520C12 /* HistoryView.swift */,
			);
			path = History;
			sourceTree = "<group>";
		};
		F4CBA2A9E1E8057E5BE3DAD9 /* Activity */ = {
			isa = PBXGroup;
			children = (
				01B1AB01C28C27ABE37DA113 /* ActivityKitParkingActivityLifecycleManager.swift */,
				28A9BBF3A744393B322FEEA4 /* ParkingReminderActivityAttributes.swift */,
			);
			path = Activity;
			sourceTree = "<group>";
		};
/* End PBXGroup section */

/* Begin PBXNativeTarget section */
		0B8C56CAA11E65B79BBDD716 /* SmartParkingReminderWidgetExtension */ = {
			isa = PBXNativeTarget;
			buildConfigurationList = AAD695A4723A2F335C931A99 /* Build configuration list for PBXNativeTarget "SmartParkingReminderWidgetExtension" */;
			buildPhases = (
				7EAD540D0B3F6542ADDA8CE6 /* Sources */,
			);
			buildRules = (
			);
			dependencies = (
			);
			name = SmartParkingReminderWidgetExtension;
			packageProductDependencies = (
			);
			productName = SmartParkingReminderWidgetExtension;
			productReference = E9BB297F8FA5DF482D41CB48 /* SmartParkingReminderWidgetExtension.appex */;
			productType = "com.apple.product-type.app-extension";
		};
		2CED33F66F649BAC6C5A19D2 /* SmartParkingReminder */ = {
			isa = PBXNativeTarget;
			buildConfigurationList = BA1FA6A0082652A1F0C1C706 /* Build configuration list for PBXNativeTarget "SmartParkingReminder" */;
			buildPhases = (
				9F013BCD32F3CBEE5758A1AD /* Sources */,
				80BEC43CAC9E5826630CF83D /* Embed Foundation Extensions */,
			);
			buildRules = (
			);
			dependencies = (
				E77F8F556ABCF2B020A315EA /* PBXTargetDependency */,
			);
			name = SmartParkingReminder;
			packageProductDependencies = (
			);
			productName = SmartParkingReminder;
			productReference = 1A1A453C60493516D5CADB94 /* SmartParkingReminder.app */;
			productType = "com.apple.product-type.application";
		};
		824A0938B60C6DE944BA99C6 /* SmartParkingReminderTests */ = {
			isa = PBXNativeTarget;
			buildConfigurationList = 4886C613EAA62D5E13EB5AC7 /* Build configuration list for PBXNativeTarget "SmartParkingReminderTests" */;
			buildPhases = (
				0FB11DF73EEB727D131BA03F /* Sources */,
			);
			buildRules = (
			);
			dependencies = (
				D7CBC521C5F758D7143BBC43 /* PBXTargetDependency */,
			);
			name = SmartParkingReminderTests;
			packageProductDependencies = (
			);
			productName = SmartParkingReminderTests;
			productReference = 152088E3D7E60C00DE411E81 /* SmartParkingReminderTests.xctest */;
			productType = "com.apple.product-type.bundle.unit-test";
		};
		BFBC976BD0483B275C422A81 /* SmartParkingReminderUITests */ = {
			isa = PBXNativeTarget;
			buildConfigurationList = 92EB1C5B8329BBAFBB3A4C00 /* Build configuration list for PBXNativeTarget "SmartParkingReminderUITests" */;
			buildPhases = (
				4CF2B9466C3610FE591879B9 /* Sources */,
			);
			buildRules = (
			);
			dependencies = (
				00E519C0DF78F99986EE23B6 /* PBXTargetDependency */,
			);
			name = SmartParkingReminderUITests;
			packageProductDependencies = (
			);
			productName = SmartParkingReminderUITests;
			productReference = 6D2D9DEEF8C9405B7C263692 /* SmartParkingReminderUITests.xctest */;
			productType = "com.apple.product-type.bundle.ui-testing";
		};
/* End PBXNativeTarget section */

/* Begin PBXProject section */
		B44DDAA5B0F5E16702209FFF /* Project object */ = {
			isa = PBXProject;
			attributes = {
				BuildIndependentTargetsInParallel = YES;
				LastUpgradeCheck = 1430;
				TargetAttributes = {
					0B8C56CAA11E65B79BBDD716 = {
						DevelopmentTeam = "";
					};
					2CED33F66F649BAC6C5A19D2 = {
						DevelopmentTeam = "";
					};
					824A0938B60C6DE944BA99C6 = {
						DevelopmentTeam = "";
					};
					BFBC976BD0483B275C422A81 = {
						DevelopmentTeam = "";
						TestTargetID = 2CED33F66F649BAC6C5A19D2;
					};
				};
			};
			buildConfigurationList = A1EF0ED4B113BA4BE15FDC0F /* Build configuration list for PBXProject "SmartParkingReminder" */;
			compatibilityVersion = "Xcode 14.0";
			developmentRegion = en;
			hasScannedForEncodings = 0;
			knownRegions = (
				Base,
				en,
			);
			mainGroup = 30FB06DA73E88A4D9AE8966E;
			minimizedProjectReferenceProxies = 1;
			preferredProjectObjectVersion = 77;
			projectDirPath = "";
			projectRoot = "";
			targets = (
				2CED33F66F649BAC6C5A19D2 /* SmartParkingReminder */,
				824A0938B60C6DE944BA99C6 /* SmartParkingReminderTests */,
				BFBC976BD0483B275C422A81 /* SmartParkingReminderUITests */,
				0B8C56CAA11E65B79BBDD716 /* SmartParkingReminderWidgetExtension */,
			);
		};
/* End PBXProject section */

/* Begin PBXSourcesBuildPhase section */
		0FB11DF73EEB727D131BA03F /* Sources */ = {
			isa = PBXSourcesBuildPhase;
			buildActionMask = 2147483647;
			files = (
				29E0BF285948785ECC4F29A9 /* Phase1ModelAndLogicTests.swift in Sources */,
				DCCEBBD53D92A03972E59E4A /* Phase1NotificationAndHandoffTests.swift in Sources */,
				E8FEACE1C11543B93939BC22 /* Phase1StorageAndStoreTests.swift in Sources */,
			);
			runOnlyForDeploymentPostprocessing = 0;
		};
		4CF2B9466C3610FE591879B9 /* Sources */ = {
			isa = PBXSourcesBuildPhase;
			buildActionMask = 2147483647;
			files = (
				DA1F996ABB70B97EA65BDDA8 /* Phase1UITests.swift in Sources */,
			);
			runOnlyForDeploymentPostprocessing = 0;
		};
		7EAD540D0B3F6542ADDA8CE6 /* Sources */ = {
			isa = PBXSourcesBuildPhase;
			buildActionMask = 2147483647;
			files = (
				A3A399F928F4212FAF9D8387 /* ParkingReminderActivityAttributes.swift in Sources */,
				1AF5E2C3022E8F92B824DC1D /* ParkingReminderLiveActivityWidget.swift in Sources */,
			);
			runOnlyForDeploymentPostprocessing = 0;
		};
		9F013BCD32F3CBEE5758A1AD /* Sources */ = {
			isa = PBXSourcesBuildPhase;
			buildActionMask = 2147483647;
			files = (
				F9C29373B4AF1C72BAD5F916 /* AccessibilityIDs.swift in Sources */,
				127DB3955CCE0F67FA6F291D /* ActiveSessionCardView.swift in Sources */,
				8FC9622D6E966E08509E195D /* ActiveSessionMapView.swift in Sources */,
				883E7177D6057421040F6D13 /* ActivityKitParkingActivityLifecycleManager.swift in Sources */,
				6F6B22F99148906AD7B1C692 /* ContentView.swift in Sources */,
				2BC0D8BC5B8970B1BB108CF0 /* DurationPickerView.swift in Sources */,
				9C9747D71119894D7FEFB86E /* HistoryMapView.swift in Sources */,
				F9577204DB0ADF0E14DE6DE5 /* HistoryMapViewModel.swift in Sources */,
				347E0E78AE25C48C3513E5C6 /* HistoryView.swift in Sources */,
				7BDD1FF35DF2D6523761ED7D /* HomeView.swift in Sources */,
				A6933742A234566A9B2DCBC9 /* LocationService.swift in Sources */,
				3FD1BF5D6FC2EDDD15122DED /* MapHandoffService.swift in Sources */,
				D109157A1ADF0F28C45291CC /* NewSessionView.swift in Sources */,
				47F61BB641C75452FB2485E7 /* ParkingNotificationService.swift in Sources */,
				CC7876470D569BD35F24E452 /* ParkingReminderActivityAttributes.swift in Sources */,
				D7B6F8560D4BE7E6693B4CCD /* ParkingSession.swift in Sources */,
				712D965FF7A58F662ACA0A67 /* ParkingSessionDraft.swift in Sources */,
				9DC137AA429515C595A8537F /* ParkingSessionStorageService.swift in Sources */,
				C0934B8F9AE66E97C7F9489F /* ParkingSessionStore.swift in Sources */,
				1D57BA94DF20B69265FB0EFA /* ParkingSpotDetailSheetView.swift in Sources */,
				3E2161FAE429AC39792459FA /* ParkingSpotGroup.swift in Sources */,
				0E759A22526DE0A25C78AC0B /* ParkingSpotGroupingService.swift in Sources */,
				6E7A08102E738CB42BEF951C /* SmartParkingReminderApp.swift in Sources */,
			);
			runOnlyForDeploymentPostprocessing = 0;
		};
/* End PBXSourcesBuildPhase section */

/* Begin PBXTargetDependency section */
		00E519C0DF78F99986EE23B6 /* PBXTargetDependency */ = {
			isa = PBXTargetDependency;
			target = 2CED33F66F649BAC6C5A19D2 /* SmartParkingReminder */;
			targetProxy = 1F6AA323EB14370BC82D33AB /* PBXContainerItemProxy */;
		};
		D7CBC521C5F758D7143BBC43 /* PBXTargetDependency */ = {
			isa = PBXTargetDependency;
			target = 2CED33F66F649BAC6C5A19D2 /* SmartParkingReminder */;
			targetProxy = 8308402519BB65D0AA048018 /* PBXContainerItemProxy */;
		};
		E77F8F556ABCF2B020A315EA /* PBXTargetDependency */ = {
			isa = PBXTargetDependency;
			target = 0B8C56CAA11E65B79BBDD716 /* SmartParkingReminderWidgetExtension */;
			targetProxy = 82964FA24A880A2CA0870A79 /* PBXContainerItemProxy */;
		};
/* End PBXTargetDependency section */

/* Begin XCBuildConfiguration section */
		400CFFE2B7B54504CA58CF7F /* Release */ = {
			isa = XCBuildConfiguration;
			buildSettings = {
				APPLICATION_EXTENSION_API_ONLY = YES;
				INFOPLIST_FILE = SmartParkingReminderWidgetExtension/Info.plist;
				LD_RUNPATH_SEARCH_PATHS = (
					"$(inherited)",
					"@executable_path/Frameworks",
					"@executable_path/../../Frameworks",
				);
				PRODUCT_BUNDLE_IDENTIFIER = com.smartparking.SmartParkingReminder.widget;
				SDKROOT = iphoneos;
				SKIP_INSTALL = YES;
				TARGETED_DEVICE_FAMILY = "1,2";
			};
			name = Release;
		};
		4F0A1D387EF0DA51ACBCC39F /* Debug */ = {
			isa = XCBuildConfiguration;
			buildSettings = {
				BUNDLE_LOADER = "$(TEST_HOST)";
				GENERATE_INFOPLIST_FILE = YES;
				LD_RUNPATH_SEARCH_PATHS = (
					"$(inherited)",
					"@executable_path/Frameworks",
					"@loader_path/Frameworks",
				);
				PRODUCT_BUNDLE_IDENTIFIER = com.smartparking.SmartParkingReminderTests;
				SDKROOT = iphoneos;
				TARGETED_DEVICE_FAMILY = "1,2";
				TEST_HOST = "$(BUILT_PRODUCTS_DIR)/SmartParkingReminder.app/SmartParkingReminder";
			};
			name = Debug;
		};
		5CCC7E085DF56745060097BA /* Release */ = {
			isa = XCBuildConfiguration;
			buildSettings = {
				BUNDLE_LOADER = "$(TEST_HOST)";
				GENERATE_INFOPLIST_FILE = YES;
				LD_RUNPATH_SEARCH_PATHS = (
					"$(inherited)",
					"@executable_path/Frameworks",
					"@loader_path/Frameworks",
				);
				PRODUCT_BUNDLE_IDENTIFIER = com.smartparking.SmartParkingReminderTests;
				SDKROOT = iphoneos;
				TARGETED_DEVICE_FAMILY = "1,2";
				TEST_HOST = "$(BUILT_PRODUCTS_DIR)/SmartParkingReminder.app/SmartParkingReminder";
			};
			name = Release;
		};
		5D638D992F0938A84488B842 /* Debug */ = {
			isa = XCBuildConfiguration;
			buildSettings = {
				ALWAYS_SEARCH_USER_PATHS = NO;
				CLANG_ANALYZER_NONNULL = YES;
				CLANG_ANALYZER_NUMBER_OBJECT_CONVERSION = YES_AGGRESSIVE;
				CLANG_CXX_LANGUAGE_STANDARD = "gnu++14";
				CLANG_CXX_LIBRARY = "libc++";
				CLANG_ENABLE_MODULES = YES;
				CLANG_ENABLE_OBJC_ARC = YES;
				CLANG_ENABLE_OBJC_WEAK = YES;
				CLANG_WARN_BLOCK_CAPTURE_AUTORELEASING = YES;
				CLANG_WARN_BOOL_CONVERSION = YES;
				CLANG_WARN_COMMA = YES;
				CLANG_WARN_CONSTANT_CONVERSION = YES;
				CLANG_WARN_DEPRECATED_OBJC_IMPLEMENTATIONS = YES;
				CLANG_WARN_DIRECT_OBJC_ISA_USAGE = YES_ERROR;
				CLANG_WARN_DOCUMENTATION_COMMENTS = YES;
				CLANG_WARN_EMPTY_BODY = YES;
				CLANG_WARN_ENUM_CONVERSION = YES;
				CLANG_WARN_INFINITE_RECURSION = YES;
				CLANG_WARN_INT_CONVERSION = YES;
				CLANG_WARN_NON_LITERAL_NULL_CONVERSION = YES;
				CLANG_WARN_OBJC_IMPLICIT_RETAIN_SELF = YES;
				CLANG_WARN_OBJC_LITERAL_CONVERSION = YES;
				CLANG_WARN_OBJC_ROOT_CLASS = YES_ERROR;
				CLANG_WARN_QUOTED_INCLUDE_IN_FRAMEWORK_HEADER = YES;
				CLANG_WARN_RANGE_LOOP_ANALYSIS = YES;
				CLANG_WARN_STRICT_PROTOTYPES = YES;
				CLANG_WARN_SUSPICIOUS_MOVE = YES;
				CLANG_WARN_UNGUARDED_AVAILABILITY = YES_AGGRESSIVE;
				CLANG_WARN_UNREACHABLE_CODE = YES;
				CLANG_WARN__DUPLICATE_METHOD_MATCH = YES;
				COPY_PHASE_STRIP = NO;
				CURRENT_PROJECT_VERSION = 1;
				DEBUG_INFORMATION_FORMAT = dwarf;
				DEVELOPMENT_TEAM = "";
				ENABLE_STRICT_OBJC_MSGSEND = YES;
				ENABLE_TESTABILITY = YES;
				GCC_C_LANGUAGE_STANDARD = gnu11;
				GCC_DYNAMIC_NO_PIC = NO;
				GCC_NO_COMMON_BLOCKS = YES;
				GCC_OPTIMIZATION_LEVEL = 0;
				GCC_PREPROCESSOR_DEFINITIONS = (
					"$(inherited)",
					"DEBUG=1",
				);
				GCC_WARN_64_TO_32_BIT_CONVERSION = YES;
				GCC_WARN_ABOUT_RETURN_TYPE = YES_ERROR;
				GCC_WARN_UNDECLARED_SELECTOR = YES;
				GCC_WARN_UNINITIALIZED_AUTOS = YES_AGGRESSIVE;
				GCC_WARN_UNUSED_FUNCTION = YES;
				GCC_WARN_UNUSED_VARIABLE = YES;
				IPHONEOS_DEPLOYMENT_TARGET = 17.0;
				MARKETING_VERSION = 0.1.0;
				MTL_ENABLE_DEBUG_INFO = INCLUDE_SOURCE;
				MTL_FAST_MATH = YES;
				ONLY_ACTIVE_ARCH = YES;
				PRODUCT_NAME = "$(TARGET_NAME)";
				SDKROOT = iphoneos;
				SWIFT_ACTIVE_COMPILATION_CONDITIONS = DEBUG;
				SWIFT_OPTIMIZATION_LEVEL = "-Onone";
				SWIFT_VERSION = 5.0;
			};
			name = Debug;
		};
		6ACE3C7D115CC3E83BDBD18A /* Debug */ = {
			isa = XCBuildConfiguration;
			buildSettings = {
				BUNDLE_LOADER = "$(TEST_HOST)";
				GENERATE_INFOPLIST_FILE = YES;
				LD_RUNPATH_SEARCH_PATHS = (
					"$(inherited)",
					"@executable_path/Frameworks",
					"@loader_path/Frameworks",
				);
				PRODUCT_BUNDLE_IDENTIFIER = com.smartparking.SmartParkingReminderUITests;
				SDKROOT = iphoneos;
				TARGETED_DEVICE_FAMILY = "1,2";
				TEST_TARGET_NAME = SmartParkingReminder;
			};
			name = Debug;
		};
		726E0653D6EC683C9361AC16 /* Release */ = {
			isa = XCBuildConfiguration;
			buildSettings = {
				ALWAYS_SEARCH_USER_PATHS = NO;
				CLANG_ANALYZER_NONNULL = YES;
				CLANG_ANALYZER_NUMBER_OBJECT_CONVERSION = YES_AGGRESSIVE;
				CLANG_CXX_LANGUAGE_STANDARD = "gnu++14";
				CLANG_CXX_LIBRARY = "libc++";
				CLANG_ENABLE_MODULES = YES;
				CLANG_ENABLE_OBJC_ARC = YES;
				CLANG_ENABLE_OBJC_WEAK = YES;
				CLANG_WARN_BLOCK_CAPTURE_AUTORELEASING = YES;
				CLANG_WARN_BOOL_CONVERSION = YES;
				CLANG_WARN_COMMA = YES;
				CLANG_WARN_CONSTANT_CONVERSION = YES;
				CLANG_WARN_DEPRECATED_OBJC_IMPLEMENTATIONS = YES;
				CLANG_WARN_DIRECT_OBJC_ISA_USAGE = YES_ERROR;
				CLANG_WARN_DOCUMENTATION_COMMENTS = YES;
				CLANG_WARN_EMPTY_BODY = YES;
				CLANG_WARN_ENUM_CONVERSION = YES;
				CLANG_WARN_INFINITE_RECURSION = YES;
				CLANG_WARN_INT_CONVERSION = YES;
				CLANG_WARN_NON_LITERAL_NULL_CONVERSION = YES;
				CLANG_WARN_OBJC_IMPLICIT_RETAIN_SELF = YES;
				CLANG_WARN_OBJC_LITERAL_CONVERSION = YES;
				CLANG_WARN_OBJC_ROOT_CLASS = YES_ERROR;
				CLANG_WARN_QUOTED_INCLUDE_IN_FRAMEWORK_HEADER = YES;
				CLANG_WARN_RANGE_LOOP_ANALYSIS = YES;
				CLANG_WARN_STRICT_PROTOTYPES = YES;
				CLANG_WARN_SUSPICIOUS_MOVE = YES;
				CLANG_WARN_UNGUARDED_AVAILABILITY = YES_AGGRESSIVE;
				CLANG_WARN_UNREACHABLE_CODE = YES;
				CLANG_WARN__DUPLICATE_METHOD_MATCH = YES;
				COPY_PHASE_STRIP = NO;
				CURRENT_PROJECT_VERSION = 1;
				DEBUG_INFORMATION_FORMAT = "dwarf-with-dsym";
				DEVELOPMENT_TEAM = "";
				ENABLE_NS_ASSERTIONS = NO;
				ENABLE_STRICT_OBJC_MSGSEND = YES;
				GCC_C_LANGUAGE_STANDARD = gnu11;
				GCC_NO_COMMON_BLOCKS = YES;
				GCC_WARN_64_TO_32_BIT_CONVERSION = YES;
				GCC_WARN_ABOUT_RETURN_TYPE = YES_ERROR;
				GCC_WARN_UNDECLARED_SELECTOR = YES;
				GCC_WARN_UNINITIALIZED_AUTOS = YES_AGGRESSIVE;
				GCC_WARN_UNUSED_FUNCTION = YES;
				GCC_WARN_UNUSED_VARIABLE = YES;
				IPHONEOS_DEPLOYMENT_TARGET = 17.0;
				MARKETING_VERSION = 0.1.0;
				MTL_ENABLE_DEBUG_INFO = NO;
				MTL_FAST_MATH = YES;
				PRODUCT_NAME = "$(TARGET_NAME)";
				SDKROOT = iphoneos;
				SWIFT_COMPILATION_MODE = wholemodule;
				SWIFT_OPTIMIZATION_LEVEL = "-O";
				SWIFT_VERSION = 5.0;
			};
			name = Release;
		};
		883D075DCCC49B6BCCB4FE76 /* Release */ = {
			isa = XCBuildConfiguration;
			buildSettings = {
				ASSETCATALOG_COMPILER_APPICON_NAME = AppIcon;
				CODE_SIGN_IDENTITY = "iPhone Developer";
				GENERATE_INFOPLIST_FILE = YES;
				INFOPLIST_KEY_LSApplicationQueriesSchemes = (
					comgooglemaps,
				);
				INFOPLIST_KEY_NSLocationUsageDescription = "Smart Parking Reminder can optionally capture your current location to save with a parking session.";
				INFOPLIST_KEY_NSLocationWhenInUseUsageDescription = "Smart Parking Reminder can optionally capture your current location to save with a parking session.";
				INFOPLIST_KEY_UIApplicationSceneManifest_Generation = YES;
				INFOPLIST_KEY_UIBackgroundModes = (
				);
				INFOPLIST_KEY_UILaunchScreen_Generation = YES;
				LD_RUNPATH_SEARCH_PATHS = (
					"$(inherited)",
					"@executable_path/Frameworks",
				);
				PRODUCT_BUNDLE_IDENTIFIER = com.smartparking.SmartParkingReminder;
				SDKROOT = iphoneos;
				TARGETED_DEVICE_FAMILY = "1,2";
			};
			name = Release;
		};
		ABAE0EA7F4B2A5FBA79A1462 /* Debug */ = {
			isa = XCBuildConfiguration;
			buildSettings = {
				APPLICATION_EXTENSION_API_ONLY = YES;
				INFOPLIST_FILE = SmartParkingReminderWidgetExtension/Info.plist;
				LD_RUNPATH_SEARCH_PATHS = (
					"$(inherited)",
					"@executable_path/Frameworks",
					"@executable_path/../../Frameworks",
				);
				PRODUCT_BUNDLE_IDENTIFIER = com.smartparking.SmartParkingReminder.widget;
				SDKROOT = iphoneos;
				SKIP_INSTALL = YES;
				TARGETED_DEVICE_FAMILY = "1,2";
			};
			name = Debug;
		};
		B4169EF7880CCCD1273C855E /* Release */ = {
			isa = XCBuildConfiguration;
			buildSettings = {
				BUNDLE_LOADER = "$(TEST_HOST)";
				GENERATE_INFOPLIST_FILE = YES;
				LD_RUNPATH_SEARCH_PATHS = (
					"$(inherited)",
					"@executable_path/Frameworks",
					"@loader_path/Frameworks",
				);
				PRODUCT_BUNDLE_IDENTIFIER = com.smartparking.SmartParkingReminderUITests;
				SDKROOT = iphoneos;
				TARGETED_DEVICE_FAMILY = "1,2";
				TEST_TARGET_NAME = SmartParkingReminder;
			};
			name = Release;
		};
		DF36A6C5C2A4C3813CCF8B2C /* Debug */ = {
			isa = XCBuildConfiguration;
			buildSettings = {
				ASSETCATALOG_COMPILER_APPICON_NAME = AppIcon;
				CODE_SIGN_IDENTITY = "iPhone Developer";
				GENERATE_INFOPLIST_FILE = YES;
				INFOPLIST_KEY_LSApplicationQueriesSchemes = (
					comgooglemaps,
				);
				INFOPLIST_KEY_NSLocationUsageDescription = "Smart Parking Reminder can optionally capture your current location to save with a parking session.";
				INFOPLIST_KEY_NSLocationWhenInUseUsageDescription = "Smart Parking Reminder can optionally capture your current location to save with a parking session.";
				INFOPLIST_KEY_UIApplicationSceneManifest_Generation = YES;
				INFOPLIST_KEY_UIBackgroundModes = (
				);
				INFOPLIST_KEY_UILaunchScreen_Generation = YES;
				LD_RUNPATH_SEARCH_PATHS = (
					"$(inherited)",
					"@executable_path/Frameworks",
				);
				PRODUCT_BUNDLE_IDENTIFIER = com.smartparking.SmartParkingReminder;
				SDKROOT = iphoneos;
				TARGETED_DEVICE_FAMILY = "1,2";
			};
			name = Debug;
		};
/* End XCBuildConfiguration section */

/* Begin XCConfigurationList section */
		4886C613EAA62D5E13EB5AC7 /* Build configuration list for PBXNativeTarget "SmartParkingReminderTests" */ = {
			isa = XCConfigurationList;
			buildConfigurations = (
				4F0A1D387EF0DA51ACBCC39F /* Debug */,
				5CCC7E085DF56745060097BA /* Release */,
			);
			defaultConfigurationIsVisible = 0;
			defaultConfigurationName = Debug;
		};
		92EB1C5B8329BBAFBB3A4C00 /* Build configuration list for PBXNativeTarget "SmartParkingReminderUITests" */ = {
			isa = XCConfigurationList;
			buildConfigurations = (
				6ACE3C7D115CC3E83BDBD18A /* Debug */,
				B4169EF7880CCCD1273C855E /* Release */,
			);
			defaultConfigurationIsVisible = 0;
			defaultConfigurationName = Debug;
		};
		A1EF0ED4B113BA4BE15FDC0F /* Build configuration list for PBXProject "SmartParkingReminder" */ = {
			isa = XCConfigurationList;
			buildConfigurations = (
				5D638D992F0938A84488B842 /* Debug */,
				726E0653D6EC683C9361AC16 /* Release */,
			);
			defaultConfigurationIsVisible = 0;
			defaultConfigurationName = Debug;
		};
		AAD695A4723A2F335C931A99 /* Build configuration list for PBXNativeTarget "SmartParkingReminderWidgetExtension" */ = {
			isa = XCConfigurationList;
			buildConfigurations = (
				ABAE0EA7F4B2A5FBA79A1462 /* Debug */,
				400CFFE2B7B54504CA58CF7F /* Release */,
			);
			defaultConfigurationIsVisible = 0;
			defaultConfigurationName = Debug;
		};
		BA1FA6A0082652A1F0C1C706 /* Build configuration list for PBXNativeTarget "SmartParkingReminder" */ = {
			isa = XCConfigurationList;
			buildConfigurations = (
				DF36A6C5C2A4C3813CCF8B2C /* Debug */,
				883D075DCCC49B6BCCB4FE76 /* Release */,
			);
			defaultConfigurationIsVisible = 0;
			defaultConfigurationName = Debug;
		};
/* End XCConfigurationList section */
	};
	rootObject = B44DDAA5B0F5E16702209FFF /* Project object */;
}
